// !$*UTF8*$!
{
	archiveVersion = 1;
	classes = {
	};
	objectVersion = 50;
	objects = {

/* Begin PBXBuildFile section */
		9B78644021EF041B00873070 /* AppDelegate.m in Sources */ = {isa = PBXBuildFile; fileRef = 9B78643F21EF041B00873070 /* AppDelegate.m */; };
		9B78644321EF041B00873070 /* ViewController.m in Sources */ = {isa = PBXBuildFile; fileRef = 9B78644221EF041B00873070 /* ViewController.m */; };
		9B78644621EF041B00873070 /* Main.storyboard in Resources */ = {isa = PBXBuildFile; fileRef = 9B78644421EF041B00873070 /* Main.storyboard */; };
		9B78644821EF041D00873070 /* Assets.xcassets in Resources */ = {isa = PBXBuildFile; fileRef = 9B78644721EF041D00873070 /* Assets.xcassets */; };
		9B78644B21EF041D00873070 /* LaunchScreen.storyboard in Resources */ = {isa = PBXBuildFile; fileRef = 9B78644921EF041D00873070 /* LaunchScreen.storyboard */; };
		9B78644E21EF041D00873070 /* main.m in Sources */ = {isa = PBXBuildFile; fileRef = 9B78644D21EF041D00873070 /* main.m */; };
		9B78645721EF06C500873070 /* CustomCell.m in Sources */ = {isa = PBXBuildFile; fileRef = 9B78645521EF06C500873070 /* CustomCell.m */; };
		9B78646121EF221C00873070 /* CustomHeaderView.m in Sources */ = {isa = PBXBuildFile; fileRef = 9B78645F21EF221C00873070 /* CustomHeaderView.m */; };
		9B78646221EF221C00873070 /* CustomHeaderView.xib in Resources */ = {isa = PBXBuildFile; fileRef = 9B78646021EF221C00873070 /* CustomHeaderView.xib */; };
		9B78646B21EF284500873070 /* CustomFooterView.m in Sources */ = {isa = PBXBuildFile; fileRef = 9B78646921EF284500873070 /* CustomFooterView.m */; };
		9B78646C21EF284500873070 /* CustomFooterView.xib in Resources */ = {isa = PBXBuildFile; fileRef = 9B78646A21EF284500873070 /* CustomFooterView.xib */; };
/* End PBXBuildFile section */

/* Begin PBXFileReference section */
		9B78643B21EF041B00873070 /* JFTB_CollectionViewWithPayView.app */ = {isa = PBXFileReference; explicitFileType = wrapper.application; includeInIndex = 0; path = JFTB_CollectionViewWithPayView.app; sourceTree = BUILT_PRODUCTS_DIR; };
		9B78643E21EF041B00873070 /* AppDelegate.h */ = {isa = PBXFileReference; lastKnownFileType = sourcecode.c.h; path = AppDelegate.h; sourceTree = "<group>"; };
		9B78643F21EF041B00873070 /* AppDelegate.m */ = {isa = PBXFileReference; lastKnownFileType = sourcecode.c.objc; path = AppDelegate.m; sourceTree = "<group>"; };
		9B78644121EF041B00873070 /* ViewController.h */ = {isa = PBXFileReference; lastKnownFileType = sourcecode.c.h; path = ViewController.h; sourceTree = "<group>"; };
		9B78644221EF041B00873070 /* ViewController.m */ = {isa = PBXFileReference; lastKnownFileType = sourcecode.c.objc; path = ViewController.m; sourceTree = "<group>"; };
		9B78644521EF041B00873070 /* Base */ = {isa = PBXFileReference; lastKnownFileType = file.storyboard; name = Base; path = Base.lproj/Main.storyboard; sourceTree = "<group>"; };
		9B78644721EF041D00873070 /* Assets.xcassets */ = {isa = PBXFileReference; lastKnownFileType = folder.assetcatalog; path = Assets.xcassets; sourceTree = "<group>"; };
		9B78644A21EF041D00873070 /* Base */ = {isa = PBXFileReference; lastKnownFileType = file.storyboard; name = Base; path = Base.lproj/LaunchScreen.storyboard; sourceTree = "<group>"; };
		9B78644C21EF041D00873070 /* Info.plist */ = {isa = PBXFileReference; lastKnownFileType = text.plist.xml; path = Info.plist; sourceTree = "<group>"; };
		9B78644D21EF041D00873070 /* main.m */ = {isa = PBXFileReference; lastKnownFileType = sourcecode.c.objc; path = main.m; sourceTree = "<group>"; };
		9B78645421EF06C500873070 /* CustomCell.h */ = {isa = PBXFileReference; lastKnownFileType = sourcecode.c.h; path = CustomCell.h; sourceTree = "<group>"; };
		9B78645521EF06C500873070 /* CustomCell.m */ = {isa = PBXFileReference; lastKnownFileType = sourcecode.c.objc; path = CustomCell.m; sourceTree = "<group>"; };
		9B78645E21EF221C00873070 /* CustomHeaderView.h */ = {isa = PBXFileReference; lastKnownFileType = sourcecode.c.h; path = CustomHeaderView.h; sourceTree = "<group>"; };
		9B78645F21EF221C00873070 /* CustomHeaderView.m */ = {isa = PBXFileReference; lastKnownFileType = sourcecode.c.objc; path = CustomHeaderView.m; sourceTree = "<group>"; };
		9B78646021EF221C00873070 /* CustomHeaderView.xib */ = {isa = PBXFileReference; lastKnownFileType = file.xib; path = CustomHeaderView.xib; sourceTree = "<group>"; };
		9B78646821EF284500873070 /* CustomFooterView.h */ = {isa = PBXFileReference; lastKnownFileType = sourcecode.c.h; path = CustomFooterView.h; sourceTree = "<group>"; };
		9B78646921EF284500873070 /* CustomFooterView.m */ = {isa = PBXFileReference; lastKnownFileType = sourcecode.c.objc; path = CustomFooterView.m; sourceTree = "<group>"; };
		9B78646A21EF284500873070 /* CustomFooterView.xib */ = {isa = PBXFileReference; lastKnownFileType = file.xib; path = CustomFooterView.xib; sourceTree = "<group>"; };
/* End PBXFileReference section */

/* Begin PBXFrameworksBuildPhase section */
		9B78643821EF041B00873070 /* Frameworks */ = {
			isa = PBXFrameworksBuildPhase;
			buildActionMask = 2147483647;
			files = (
			);
			runOnlyForDeploymentPostprocessing = 0;
		};
/* End PBXFrameworksBuildPhase section */

/* Begin PBXGroup section */
		9B78643221EF041B00873070 = {
			isa = PBXGroup;
			children = (
				9B78643D21EF041B00873070 /* JFTB_CollectionViewWithPayView */,
				9B78643C21EF041B00873070 /* Products */,
			);
			sourceTree = "<group>";
		};
		9B78643C21EF041B00873070 /* Products */ = {
			isa = PBXGroup;
			children = (
				9B78643B21EF041B00873070 /* JFTB_CollectionViewWithPayView.app */,
			);
			name = Products;
			sourceTree = "<group>";
		};
		9B78643D21EF041B00873070 /* JFTB_CollectionViewWithPayView */ = {
			isa = PBXGroup;
			children = (
				9B78643E21EF041B00873070 /* AppDelegate.h */,
				9B78643F21EF041B00873070 /* AppDelegate.m */,
				9B78644121EF041B00873070 /* ViewController.h */,
				9B78644221EF041B00873070 /* ViewController.m */,
				9B78645421EF06C500873070 /* CustomCell.h */,
				9B78645521EF06C500873070 /* CustomCell.m */,
				9B78645E21EF221C00873070 /* CustomHeaderView.h */,
				9B78645F21EF221C00873070 /* CustomHeaderView.m */,
				9B78646021EF221C00873070 /* CustomHeaderView.xib */,
				9B78646821EF284500873070 /* CustomFooterView.h */,
				9B78646921EF284500873070 /* CustomFooterView.m */,
				9B78646A21EF284500873070 /* CustomFooterView.xib */,
				9B78644421EF041B00873070 /* Main.storyboard */,
				9B78644721EF041D00873070 /* Assets.xcassets */,
				9B78644921EF041D00873070 /* LaunchScreen.storyboard */,
				9B78644C21EF041D00873070 /* Info.plist */,
				9B78644D21EF041D00873070 /* main.m */,
			);
			path = JFTB_CollectionViewWithPayView;
			sourceTree = "<group>";
		};
/* End PBXGroup section */

/* Begin PBXNativeTarget section */
		9B78643A21EF041B00873070 /* JFTB_CollectionViewWithPayView */ = {
			isa = PBXNativeTarget;
			buildConfigurationList = 9B78645121EF041D00873070 /* Build configuration list for PBXNativeTarget "JFTB_CollectionViewWithPayView" */;
			buildPhases = (
				9B78643721EF041B00873070 /* Sources */,
				9B78643821EF041B00873070 /* Frameworks */,
				9B78643921EF041B00873070 /* Resources */,
			);
			buildRules = (
			);
			dependencies = (
			);
			name = JFTB_CollectionViewWithPayView;
			productName = JFTB_CollectionViewWithPayView;
			productReference = 9B78643B21EF041B00873070 /* JFTB_CollectionViewWithPayView.app */;
			productType = "com.apple.product-type.application";
		};
/* End PBXNativeTarget section */

/* Begin PBXProject section */
		9B78643321EF041B00873070 /* Project object */ = {
			isa = PBXProject;
			attributes = {
				LastUpgradeCheck = 0940;
				ORGANIZATIONNAME = lee;
				TargetAttributes = {
					9B78643A21EF041B00873070 = {
						CreatedOnToolsVersion = 9.4.1;
					};
				};
			};
			buildConfigurationList = 9B78643621EF041B00873070 /* Build configuration list for PBXProject "JFTB_CollectionViewWithPayView" */;
			compatibilityVersion = "Xcode 9.3";
			developmentRegion = en;
			hasScannedForEncodings = 0;
			knownRegions = (
				en,
				Base,
			);
			mainGroup = 9B78643221EF041B00873070;
			productRefGroup = 9B78643C21EF041B00873070 /* Products */;
			projectDirPath = "";
			projectRoot = "";
			targets = (
				9B78643A21EF041B00873070 /* JFTB_CollectionViewWithPayView */,
			);
		};
/* End PBXProject section */

/* Begin PBXResourcesBuildPhase section */
		9B78643921EF041B00873070 /* Resources */ = {
			isa = PBXResourcesBuildPhase;
			buildActionMask = 2147483647;
			files = (
				9B78646221EF221C00873070 /* CustomHeaderView.xib in Resources */,
				9B78644B21EF041D00873070 /* LaunchScreen.storyboard in Resources */,
				9B78644821EF041D00873070 /* Assets.xcassets in Resources */,
				9B78646C21EF284500873070 /* CustomFooterView.xib in Resources */,
				9B78644621EF041B00873070 /* Main.storyboard in Resources */,
			);
			runOnlyForDeploymentPostprocessing = 0;
		};
/* End PBXResourcesBuildPhase section */

/* Begin PBXSourcesBuildPhase section */
		9B78643721EF041B00873070 /* Sources */ = {
			isa = PBXSourcesBuildPhase;
			buildActionMask = 2147483647;
			files = (
				9B78644321EF041B00873070 /* ViewController.m in Sources */,
				9B78644E21EF041D00873070 /* main.m in Sources */,
				9B78646B21EF284500873070 /* CustomFooterView.m in Sources */,
				9B78645721EF06C500873070 /* CustomCell.m in Sources */,
				9B78646121EF221C00873070 /* CustomHeaderView.m in Sources */,
				9B78644021EF041B00873070 /* AppDelegate.m in Sources */,
			);
			runOnlyForDeploymentPostprocessing = 0;
		};
/* End PBXSourcesBuildPhase section */

/* Begin PBXVariantGroup section */
		9B78644421EF041B00873070 /* Main.storyboard */ = {
			isa = PBXVariantGroup;
			children = (
				9B78644521EF041B00873070 /* Base */,
			);
			name = Main.storyboard;
			sourceTree = "<group>";
		};
		9B78644921EF041D00873070 /* LaunchScreen.storyboard */ = {
			isa = PBXVariantGroup;
			children = (
				9B78644A21EF041D00873070 /* Base */,
			);
			name = LaunchScreen.storyboard;
			sourceTree = "<group>";
		};
/* End PBXVariantGroup section */

/* Begin XCBuildConfiguration section */
		9B78644F21EF041D00873070 /* Debug */ = {
			isa = XCBuildConfiguration;
			buildSettings = {
				ALWAYS_SEARCH_USER_PATHS = NO;
				CLANG_ANALYZER_NONNULL = YES;
				CLANG_ANALYZER_NUMBER_OBJECT_CONVERSION = YES_AGGRESSIVE;
				CLANG_CXX_LANGUAGE_STANDARD = "gnu++14";
				CLANG_CXX_LIBRARY = "libc++";
				CLANG_ENABLE_MODULES = YES;
				CLANG_ENABLE_OBJC_ARC = YES;
				CLANG_ENABLE_OBJC_WEAK = YES;
				CLANG_WARN_BLOCK_CAPTURE_AUTORELEASING = YES;
				CLANG_WARN_BOOL_CONVERSION = YES;
				CLANG_WARN_COMMA = YES;
				CLANG_WARN_CONSTANT_CONVERSION = YES;
				CLANG_WARN_DEPRECATED_OBJC_IMPLEMENTATIONS = YES;
				CLANG_WARN_DIRECT_OBJC_ISA_USAGE = YES_ERROR;
				CLANG_WARN_DOCUMENTATION_COMMENTS = YES;
				CLANG_WARN_EMPTY_BODY = YES;
				CLANG_WARN_ENUM_CONVERSION = YES;
				CLANG_WARN_INFINITE_RECURSION = YES;
				CLANG_WARN_INT_CONVERSION = YES;
				CLANG_WARN_NON_LITERAL_NULL_CONVERSION = YES;
				CLANG_WARN_OBJC_IMPLICIT_RETAIN_SELF = YES;
				CLANG_WARN_OBJC_LITERAL_CONVERSION = YES;
				CLANG_WARN_OBJC_ROOT_CLASS = YES_ERROR;
				CLANG_WARN_RANGE_LOOP_ANALYSIS = YES;
				CLANG_WARN_STRICT_PROTOTYPES = YES;
				CLANG_WARN_SUSPICIOUS_MOVE = YES;
				CLANG_WARN_UNGUARDED_AVAILABILITY = YES_AGGRESSIVE;
				CLANG_WARN_UNREACHABLE_CODE = YES;
				CLANG_WARN__DUPLICATE_METHOD_MATCH = YES;
				CODE_SIGN_IDENTITY = "iPhone Developer";
				COPY_PHASE_STRIP = NO;
				DEBUG_INFORMATION_FORMAT = dwarf;
				ENABLE_STRICT_OBJC_MSGSEND = YES;
				ENABLE_TESTABILITY = YES;
				GCC_C_LANGUAGE_STANDARD = gnu11;
				GCC_DYNAMIC_NO_PIC = NO;
				GCC_NO_COMMON_BLOCKS = YES;
				GCC_OPTIMIZATION_LEVEL = 0;
				GCC_PREPROCESSOR_DEFINITIONS = (
					"DEBUG=1",
					"$(inherited)",
				);
				GCC_WARN_64_TO_32_BIT_CONVERSION = YES;
				GCC_WARN_ABOUT_RETURN_TYPE = YES_ERROR;
				GCC_WARN_UNDECLARED_SELECTOR = YES;
				GCC_WARN_UNINITIALIZED_AUTOS = YES_AGGRESSIVE;
				GCC_WARN_UNUSED_FUNCTION = YES;
				GCC_WARN_UNUSED_VARIABLE = YES;
				IPHONEOS_DEPLOYMENT_TARGET = 11.4;
				MTL_ENABLE_DEBUG_INFO = YES;
				ONLY_ACTIVE_ARCH = YES;
				SDKROOT = iphoneos;
			};
			name = Debug;
		};
		9B78645021EF041D00873070 /* Release */ = {
			isa = XCBuildConfiguration;
			buildSettings = {
				ALWAYS_SEARCH_USER_PATHS = NO;
				CLANG_ANALYZER_NONNULL = YES;
				CLANG_ANALYZER_NUMBER_OBJECT_CONVERSION = YES_AGGRESSIVE;
				CLANG_CXX_LANGUAGE_STANDARD = "gnu++14";
				CLANG_CXX_LIBRARY = "libc++";
				CLANG_ENABLE_MODULES = YES;
				CLANG_ENABLE_OBJC_ARC = YES;
				CLANG_ENABLE_OBJC_WEAK = YES;
				CLANG_WARN_BLOCK_CAPTURE_AUTORELEASING = YES;
				CLANG_WARN_BOOL_CONVERSION = YES;
				CLANG_WARN_COMMA = YES;
				CLANG_WARN_CONSTANT_CONVERSION = YES;
				CLANG_WARN_DEPRECATED_OBJC_IMPLEMENTATIONS = YES;
				CLANG_WARN_DIRECT_OBJC_ISA_USAGE = YES_ERROR;
				CLANG_WARN_DOCUMENTATION_COMMENTS = YES;
				CLANG_WARN_EMPTY_BODY = YES;
				CLANG_WARN_ENUM_CONVERSION = YES;
				CLANG_WARN_INFINITE_RECURSION = YES;
				CLANG_WARN_INT_CONVERSION = YES;
				CLANG_WARN_NON_LITERAL_NULL_CONVERSION = YES;
				CLANG_WARN_OBJC_IMPLICIT_RETAIN_SELF = YES;
				CLANG_WARN_OBJC_LITERAL_CONVERSION = YES;
				CLANG_WARN_OBJC_ROOT_CLASS = YES_ERROR;
				CLANG_WARN_RANGE_LOOP_ANALYSIS = YES;
				CLANG_WARN_STRICT_PROTOTYPES = YES;
				CLANG_WARN_SUSPICIOUS_MOVE = YES;
				CLANG_WARN_UNGUARDED_AVAILABILITY = YES_AGGRESSIVE;
				CLANG_WARN_UNREACHABLE_CODE = YES;
				CLANG_WARN__DUPLICATE_METHOD_MATCH = YES;
				CODE_SIGN_IDENTITY = "iPhone Developer";
				COPY_PHASE_STRIP = NO;
				DEBUG_INFORMATION_FORMAT = "dwarf-with-dsym";
				ENABLE_NS_ASSERTIONS = NO;
				ENABLE_STRICT_OBJC_MSGSEND = YES;
				GCC_C_LANGUAGE_STANDARD = gnu11;
				GCC_NO_COMMON_BLOCKS = YES;
				GCC_WARN_64_TO_32_BIT_CONVERSION = YES;
				GCC_WARN_ABOUT_RETURN_TYPE = YES_ERROR;
				GCC_WARN_UNDECLARED_SELECTOR = YES;
				GCC_WARN_UNINITIALIZED_AUTOS = YES_AGGRESSIVE;
				GCC_WARN_UNUSED_FUNCTION = YES;
				GCC_WARN_UNUSED_VARIABLE = YES;
				IPHONEOS_DEPLOYMENT_TARGET = 11.4;
				MTL_ENABLE_DEBUG_INFO = NO;
				SDKROOT = iphoneos;
				VALIDATE_PRODUCT = YES;
			};
			name = Release;
		};
		9B78645221EF041D00873070 /* Debug */ = {
			isa = XCBuildConfiguration;
			buildSettings = {
				ASSETCATALOG_COMPILER_APPICON_NAME = AppIcon;
				CODE_SIGN_STYLE = Automatic;
				DEVELOPMENT_TEAM = 3FR6C5N825;
				INFOPLIST_FILE = JFTB_CollectionViewWithPayView/Info.plist;
				IPHONEOS_DEPLOYMENT_TARGET = 11.0;
				LD_RUNPATH_SEARCH_PATHS = (
					"$(inherited)",
					"@executable_path/Frameworks",
				);
				PRODUCT_BUNDLE_IDENTIFIER = com.lyh.demo;
				PRODUCT_NAME = "$(TARGET_NAME)";
				TARGETED_DEVICE_FAMILY = "1,2";
			};
			name = Debug;
		};
		9B78645321EF041D00873070 /* Release */ = {
			isa = XCBuildConfiguration;
			buildSettings = {
				ASSETCATALOG_COMPILER_APPICON_NAME = AppIcon;
				CODE_SIGN_STYLE = Automatic;
				DEVELOPMENT_TEAM = 3FR6C5N825;
				INFOPLIST_FILE = JFTB_CollectionViewWithPayView/Info.plist;
				IPHONEOS_DEPLOYMENT_TARGET = 11.0;
				LD_RUNPATH_SEARCH_PATHS = (
					"$(inherited)",
					"@executable_path/Frameworks",
				);
				PRODUCT_BUNDLE_IDENTIFIER = com.lyh.demo;
				PRODUCT_NAME = "$(TARGET_NAME)";
				TARGETED_DEVICE_FAMILY = "1,2";
			};
			name = Release;
		};
/* End XCBuildConfiguration section */

/* Begin XCConfigurationList section */
		9B78643621EF041B00873070 /* Build configuration list for PBXProject "JFTB_CollectionViewWithPayView" */ = {
			isa = XCConfigurationList;
			buildConfigurations = (
				9B78644F21EF041D00873070 /* Debug */,
				9B78645021EF041D00873070 /* Release */,
			);
			defaultConfigurationIsVisible = 0;
			defaultConfigurationName = Release;
		};
		9B78645121EF041D00873070 /* Build configuration list for PBXNativeTarget "JFTB_CollectionViewWithPayView" */ = {
			isa = XCConfigurationList;
			buildConfigurations = (
				9B78645221EF041D00873070 /* Debug */,
				9B78645321EF041D00873070 /* Release */,
			);
			defaultConfigurationIsVisible = 0;
			defaultConfigurationName = Release;
		};
/* End XCConfigurationList section */
	};
	rootObject = 9B78643321EF041B00873070 /* Project object */;
}
